
Microsoft Visual Studio Solution File, Format Version 11.00
# Visual Studio 2010
Project("{FAE04EC0-301F-11D3-BF4B-00C04F79EFBC}") = "SpecExplorer1.TestSuite", "SpecExplorer1.TestSuite\SpecExplorer1.TestSuite.csproj", "{28DE0CAB-C023-473D-80FC-8893F68AEEEA}"
EndProject
Project("{FAE04EC0-301F-11D3-BF4B-00C04F79EFBC}") = "SpecExplorer1", "SpecExplorer1\SpecExplorer1.csproj", "{89996691-346B-49D1-84AD-DDCDDC27E45D}"
EndProject
Global
	GlobalSection(SolutionConfigurationPlatforms) = preSolution
		Debug|Any CPU = Debug|Any CPU
		Release|Any CPU = Release|Any CPU
	EndGlobalSection
	GlobalSection(ProjectConfigurationPlatforms) = postSolution
		{28DE0CAB-C023-473D-80FC-8893F68AEEEA}.Debug|Any CPU.ActiveCfg = Debug|Any CPU
		{28DE0CAB-C023-473D-80FC-8893F68AEEEA}.Debug|Any CPU.Build.0 = Debug|Any CPU
		{28DE0CAB-C023-473D-80FC-8893F68AEEEA}.Release|Any CPU.ActiveCfg = Release|Any CPU
		{28DE0CAB-C023-473D-80FC-8893F68AEEEA}.Release|Any CPU.Build.0 = Release|Any CPU
		{89996691-346B-49D1-84AD-DDCDDC27E45D}.Debug|Any CPU.ActiveCfg = Debug|Any CPU
		{89996691-346B-49D1-84AD-DDCDDC27E45D}.Debug|Any CPU.Build.0 = Debug|Any CPU
		{89996691-346B-49D1-84AD-DDCDDC27E45D}.Release|Any CPU.ActiveCfg = Release|Any CPU
		{89996691-346B-49D1-84AD-DDCDDC27E45D}.Release|Any CPU.Build.0 = Release|Any CPU
	EndGlobalSection
	GlobalSection(SolutionProperties) = preSolution
		HideSolutionNode = FALSE
	EndGlobalSection
	GlobalSection(SpecExplorer.ActivityCompletionStatus) = preSolution
		SpecExplorer.ActivityCompletionStatus = TestExisting: ;ModelFromScratch: 
	EndGlobalSection
EndGlobal
